{
  "lockfile_version": "1",
  "packages": {
    "air@latest": {
      "last_modified": "2023-12-13T22:54:10Z",
      "resolved": "github:NixOS/nixpkgs/fd04bea4cbf76f86f244b9e2549fca066db8ddff#air",
      "source": "devbox-search",
      "version": "1.49.0",
      "systems": {
        "aarch64-darwin": {
          "store_path": "/nix/store/nzdwqnar9r4310jdzcz9j5pymhzqp97p-air-1.49.0"
        },
        "aarch64-linux": {
          "store_path": "/nix/store/j62wawhy56qw4cjih4rgb7w2dqf4j24b-air-1.49.0"
        },
        "x86_64-darwin": {
          "store_path": "/nix/store/92chvzmj8rmcz09ichh73wkgym916pxm-air-1.49.0"
        },
        "x86_64-linux": {
          "store_path": "/nix/store/jlxkzzswb5dhxxpmhciy869849ryf88i-air-1.49.0"
        }
      }
    },
    "cobra-cli@latest": {
      "last_modified": "2023-12-13T22:54:10Z",
      "resolved": "github:NixOS/nixpkgs/fd04bea4cbf76f86f244b9e2549fca066db8ddff#cobra-cli",
      "source": "devbox-search",
      "version": "1.3.0",
      "systems": {
        "aarch64-darwin": {
          "store_path": "/nix/store/wgn9dhn94l17vy923bbd4xnmpz19mbs8-cobra-cli-1.3.0"
        },
        "aarch64-linux": {
          "store_path": "/nix/store/dkx0n3vii1d7z4ma2jrlna0p65psl0nc-cobra-cli-1.3.0"
        },
        "x86_64-darwin": {
          "store_path": "/nix/store/fhkj9gb58d642msafv8y8zldq6rj4kp8-cobra-cli-1.3.0"
        },
        "x86_64-linux": {
          "store_path": "/nix/store/7gdn3qjpmw2jg5fx3kkns76cyqiimib3-cobra-cli-1.3.0"
        }
      }
    },
    "glow@latest": {
      "last_modified": "2023-12-13T22:54:10Z",
      "resolved": "github:NixOS/nixpkgs/fd04bea4cbf76f86f244b9e2549fca066db8ddff#glow",
      "source": "devbox-search",
      "version": "1.5.1",
      "systems": {
        "aarch64-darwin": {
          "store_path": "/nix/store/mqkifvf232vmh8ghnjakc49rvzgjhgvy-glow-1.5.1"
        },
        "aarch64-linux": {
          "store_path": "/nix/store/1c1gswvspmjzif7sln68yqnzjb1znpl9-glow-1.5.1"
        },
        "x86_64-darwin": {
          "store_path": "/nix/store/fs84kzaw33606b0s0pwy4kp5fjqkv1z2-glow-1.5.1"
        },
        "x86_64-linux": {
          "store_path": "/nix/store/lxj6va5k3gcmf4m4ad7hk7mnfks7vigh-glow-1.5.1"
        }
      }
    },
    "go_1_21@latest": {
      "last_modified": "2023-09-27T18:02:17Z",
      "resolved": "github:NixOS/nixpkgs/517501bcf14ae6ec47efd6a17dda0ca8e6d866f9#go_1_21",
      "source": "devbox-search",
      "version": "1.21.1",
      "systems": {
        "aarch64-darwin": {
          "store_path": "/nix/store/s1xk6hrfn0kw8ycvqbx4vv4gr00k6qpl-go-1.21.1"
        },
        "aarch64-linux": {
          "store_path": "/nix/store/id3ygqxp1hvbh7dyjlwngx53fvcpqg84-go-1.21.1"
        },
        "x86_64-darwin": {
          "store_path": "/nix/store/yn0g820ayb963s0i4nnw9pf72l49kkg0-go-1.21.1"
        },
        "x86_64-linux": {
          "store_path": "/nix/store/pvvv2lmx9m8b2n0447mljrl5xmla8r3h-go-1.21.1"
        }
      }
    },
    "gotools@latest": {
      "last_modified": "2023-12-18T02:58:18Z",
      "resolved": "github:NixOS/nixpkgs/ca16221251951e9c6261a1a2bb4f9389038d3632#gotools",
      "source": "devbox-search",
      "version": "0.16.1",
      "systems": {
        "aarch64-darwin": {
          "store_path": "/nix/store/07rj89famgad95mf68cc9dw8fsfd57fv-gotools-0.16.1"
        },
        "aarch64-linux": {
          "store_path": "/nix/store/hax95w8sp4l4714sn2awz9878mwdzrfa-gotools-0.16.1"
        },
        "x86_64-darwin": {
          "store_path": "/nix/store/4bvlyd401parjb98kalilxf3bvb5bpjy-gotools-0.16.1"
        },
        "x86_64-linux": {
          "store_path": "/nix/store/s388xvv6zdhf5df236jgm28rb3srx1lb-gotools-0.16.1"
        }
      }
    },
    "tailwindcss@latest": {
      "last_modified": "2023-12-13T22:54:10Z",
      "resolved": "github:NixOS/nixpkgs/fd04bea4cbf76f86f244b9e2549fca066db8ddff#tailwindcss",
      "source": "devbox-search",
      "version": "3.3.6",
      "systems": {
        "aarch64-darwin": {
          "store_path": "/nix/store/v09cmg9bjxcd68kfms1mz8kpihfnjzgh-tailwindcss-3.3.6"
        },
        "aarch64-linux": {
          "store_path": "/nix/store/mrgp6b4rj6p7jy7lbzdwfbllzm9q4k9n-tailwindcss-3.3.6"
        },
        "x86_64-darwin": {
          "store_path": "/nix/store/klgfnn2q0x4sfw31zlz6kdnlwhg6xpyx-tailwindcss-3.3.6"
        },
        "x86_64-linux": {
          "store_path": "/nix/store/6zxbdhzvnfwmzsac65ppjckg31shxm6c-tailwindcss-3.3.6"
        }
      }
    }
  }
}
